
Microsoft Visual Studio Solution File, Format Version 12.00
# Visual Studio Version 17
VisualStudioVersion = 17.7.34031.279
MinimumVisualStudioVersion = 10.0.40219.1
Project("{FAE04EC0-301F-11D3-BF4B-00C04F79EFBC}") = "Learning Academy", "Learning Academy\Learning Academy.csproj", "{B7FDB6BF-EB98-4254-A2BE-EDCC9E5D7F0C}"
EndProject
Project("{FAE04EC0-301F-11D3-BF4B-00C04F79EFBC}") = "BLL", "BLL\BLL.csproj", "{76DFBA7E-C4CC-4AC2-9FE1-FE677C67D59B}"
EndProject
Project("{FAE04EC0-301F-11D3-BF4B-00C04F79EFBC}") = "DAL", "DAL\DAL.csproj", "{01F7AC6F-E5CF-4537-A314-B14870DCE4FF}"
EndProject
Global
	GlobalSection(SolutionConfigurationPlatforms) = preSolution
		Debug|Any CPU = Debug|Any CPU
		Release|Any CPU = Release|Any CPU
	EndGlobalSection
	GlobalSection(ProjectConfigurationPlatforms) = postSolution
		{B7FDB6BF-EB98-4254-A2BE-EDCC9E5D7F0C}.Debug|Any CPU.ActiveCfg = Debug|Any CPU
		{B7FDB6BF-EB98-4254-A2BE-EDCC9E5D7F0C}.Debug|Any CPU.Build.0 = Debug|Any CPU
		{B7FDB6BF-EB98-4254-A2BE-EDCC9E5D7F0C}.Release|Any CPU.ActiveCfg = Release|Any CPU
		{B7FDB6BF-EB98-4254-A2BE-EDCC9E5D7F0C}.Release|Any CPU.Build.0 = Release|Any CPU
		{76DFBA7E-C4CC-4AC2-9FE1-FE677C67D59B}.Debug|Any CPU.ActiveCfg = Debug|Any CPU
		{76DFBA7E-C4CC-4AC2-9FE1-FE677C67D59B}.Debug|Any CPU.Build.0 = Debug|Any CPU
		{76DFBA7E-C4CC-4AC2-9FE1-FE677C67D59B}.Release|Any CPU.ActiveCfg = Release|Any CPU
		{76DFBA7E-C4CC-4AC2-9FE1-FE677C67D59B}.Release|Any CPU.Build.0 = Release|Any CPU
		{01F7AC6F-E5CF-4537-A314-B14870DCE4FF}.Debug|Any CPU.ActiveCfg = Debug|Any CPU
		{01F7AC6F-E5CF-4537-A314-B14870DCE4FF}.Debug|Any CPU.Build.0 = Debug|Any CPU
		{01F7AC6F-E5CF-4537-A314-B14870DCE4FF}.Release|Any CPU.ActiveCfg = Release|Any CPU
		{01F7AC6F-E5CF-4537-A314-B14870DCE4FF}.Release|Any CPU.Build.0 = Release|Any CPU
	EndGlobalSection
	GlobalSection(SolutionProperties) = preSolution
		HideSolutionNode = FALSE
	EndGlobalSection
	GlobalSection(ExtensibilityGlobals) = postSolution
		SolutionGuid = {2C358585-A12E-4CDF-B054-3835B6E0D3AB}
	EndGlobalSection
EndGlobal
